
Microsoft Visual Studio Solution File, Format Version 12.00
# Visual Studio 14
VisualStudioVersion = 14.0.25123.0
MinimumVisualStudioVersion = 10.0.40219.1
Project("{FAE04EC0-301F-11D3-BF4B-00C04F79EFBC}") = "CyberQLogger", "CyberQLogger\CyberQLogger.csproj", "{093285D8-26E7-42BB-94A0-D45F77910A63}"
EndProject
Project("{FAE04EC0-301F-11D3-BF4B-00C04F79EFBC}") = "CyberQLogger.UnitTest", "CyberQLogger.UnitTest\CyberQLogger.UnitTest.csproj", "{58B14DD6-4B52-4853-A9C1-D0245A4383BA}"
EndProject
Global
	GlobalSection(SolutionConfigurationPlatforms) = preSolution
		Debug|Any CPU = Debug|Any CPU
		Release|Any CPU = Release|Any CPU
	EndGlobalSection
	GlobalSection(ProjectConfigurationPlatforms) = postSolution
		{093285D8-26E7-42BB-94A0-D45F77910A63}.Debug|Any CPU.ActiveCfg = Debug|Any CPU
		{093285D8-26E7-42BB-94A0-D45F77910A63}.Debug|Any CPU.Build.0 = Debug|Any CPU
		{093285D8-26E7-42BB-94A0-D45F77910A63}.Release|Any CPU.ActiveCfg = Release|Any CPU
		{093285D8-26E7-42BB-94A0-D45F77910A63}.Release|Any CPU.Build.0 = Release|Any CPU
		{58B14DD6-4B52-4853-A9C1-D0245A4383BA}.Debug|Any CPU.ActiveCfg = Debug|Any CPU
		{58B14DD6-4B52-4853-A9C1-D0245A4383BA}.Debug|Any CPU.Build.0 = Debug|Any CPU
		{58B14DD6-4B52-4853-A9C1-D0245A4383BA}.Release|Any CPU.ActiveCfg = Release|Any CPU
		{58B14DD6-4B52-4853-A9C1-D0245A4383BA}.Release|Any CPU.Build.0 = Release|Any CPU
	EndGlobalSection
	GlobalSection(SolutionProperties) = preSolution
		HideSolutionNode = FALSE
	EndGlobalSection
EndGlobal
